
Microsoft Visual Studio Solution File, Format Version 12.00
# Visual Studio Version 17
VisualStudioVersion = 17.2.32526.322
MinimumVisualStudioVersion = 10.0.40219.1
Project("{FAE04EC0-301F-11D3-BF4B-00C04F79EFBC}") = "ConsoleApp2", "ConsoleApp2\ConsoleApp2.csproj", "{BE54B165-C164-4232-B031-12B92FF95F2B}"
EndProject
Global
	GlobalSection(SolutionConfigurationPlatforms) = preSolution
		Debug|Any CPU = Debug|Any CPU
		Release|Any CPU = Release|Any CPU
	EndGlobalSection
	GlobalSection(ProjectConfigurationPlatforms) = postSolution
		{BE54B165-C164-4232-B031-12B92FF95F2B}.Debug|Any CPU.ActiveCfg = Debug|Any CPU
		{BE54B165-C164-4232-B031-12B92FF95F2B}.Debug|Any CPU.Build.0 = Debug|Any CPU
		{BE54B165-C164-4232-B031-12B92FF95F2B}.Release|Any CPU.ActiveCfg = Release|Any CPU
		{BE54B165-C164-4232-B031-12B92FF95F2B}.Release|Any CPU.Build.0 = Release|Any CPU
	EndGlobalSection
	GlobalSection(SolutionProperties) = preSolution
		HideSolutionNode = FALSE
	EndGlobalSection
	GlobalSection(ExtensibilityGlobals) = postSolution
		SolutionGuid = {55685504-096A-46A3-9D60-6D869EE2818A}
	EndGlobalSection
EndGlobal
